{
 "graph_lock": {
  "nodes": {
   "1": {
    "ref": "app1/1.0@ci/stable#64e13476da27cd4e92e84e7a535a0aa0",
    "options": "liba:shared=False\nlibb:shared=False\nlibc:shared=False\nlibd:shared=False",
    "package_id": "3cf663f58ef097c21bd99076c74d5ad9a5011da5",
    "prev": "e8b8a1f55cfa9734bf4a6c168855e72c",
    "requires": [
     "2"
    ],
    "context": "host"
   },
   "2": {
    "ref": "libd/1.0@ci/stable#3222981a38fbe3a1ad43f52977a4321a",
    "options": "shared=False\nliba:shared=False\nlibb:shared=False\nlibc:shared=False",
    "package_id": "b350c3f0717c66e0b55ed77882fac30330f69990",
    "prev": "89543e59416214247fa6e6c1c2e84f20",
    "requires": [
     "3",
     "5"
    ],
    "context": "host"
   },
   "3": {
    "ref": "libb/1.0@ci/stable#4ba453b5f9de4e0dbd6cf56a0a312221",
    "options": "shared=False\nliba:shared=False",
    "package_id": "a036b2b72dee36f33a9c23d05cfaab8a99d79df1",
    "prev": "112497d60a25c3f07a7523b041bc91de",
    "requires": [
     "4"
    ],
    "context": "host"
   },
   "4": {
    "ref": "liba/1.0@ci/stable#ad929cd29cfb31b0584540ea1eac3662",
    "options": "shared=False",
    "package_id": "9bfdcfa2bb925892ecf42e2a018a3f3529826676",
    "prev": "0edc69360c663bc3b3e706043bc2febd",
    "context": "host"
   },
   "5": {
    "ref": "libc/1.0@ci/stable#7de391fe87fbb341fbe03eec93be3268",
    "options": "shared=False\nliba:shared=False",
    "package_id": "a036b2b72dee36f33a9c23d05cfaab8a99d79df1",
    "prev": "62ac4029b359a33d5a12dc01e0bd6aeb",
    "requires": [
     "4"
    ],
    "context": "host"
   }
  },
  "revisions_enabled": true
 },
 "version": "0.4",
 "profile_host": "[settings]\narch=x86_64\narch_build=x86_64\nbuild_type=Release\ncompiler=gcc\ncompiler.libcxx=libstdc++11\ncompiler.version=7\nos=Linux\nos_build=Linux\n[options]\nliba:shared=False\nlibb:shared=False\nlibc:shared=False\nlibd:shared=False\n[build_requires]\n[env]\nproduct=app1"
}